<?xml version="1.0" encoding="UTF-8"?>
<Scheme
   version = "1.3">
   <BuildAction>
      <BuildActionEntries>
         <BuildActionEntry
            buildForRunning = "YES">
            <BuildableReference
               BuildableIdentifier = "primary"
               BlueprintIdentifier = "B93D9C252B1B1B1B1B1B1B1B"
               BuildableName = "ScreenTimeTracker.app"
               BlueprintName = "ScreenTimeTracker"
               ReferencedContainer = "container:ScreenTimeTracker.xcodeproj">
            </BuildableReference>
         </BuildActionEntry>
      </BuildActionEntries>
   </BuildAction>
   <LaunchAction
      useCustomWorkingDirectory = "NO"
      buildConfiguration = "Debug"
      allowLocationSimulation = "YES">
      <BuildableProductRunnable>
         <BuildableReference
            BuildableIdentifier = "primary"
            BlueprintIdentifier = "B93D9C252B1B1B1B1B1B1B1B"
            BuildableName = "ScreenTimeTracker.app"
            BlueprintName = "ScreenTimeTracker"
            ReferencedContainer = "container:ScreenTimeTracker.xcodeproj">
         </BuildableReference>
      </BuildableProductRunnable>
   </LaunchAction>
</Scheme>
